
Microsoft Visual Studio Solution File, Format Version 12.00
# Visual Studio Version 16
VisualStudioVersion = 16.0.33130.400
MinimumVisualStudioVersion = 10.0.40219.1
Project("{FAE04EC0-301F-11D3-BF4B-00C04F79EFBC}") = "StopStartWorkers", "StopStartWorkers\StopStartWorkers.csproj", "{C962B9B5-A815-45C2-968D-0199EA1A5F27}"
EndProject
Global
	GlobalSection(SolutionConfigurationPlatforms) = preSolution
		Debug|Any CPU = Debug|Any CPU
		Release|Any CPU = Release|Any CPU
	EndGlobalSection
	GlobalSection(ProjectConfigurationPlatforms) = postSolution
		{C962B9B5-A815-45C2-968D-0199EA1A5F27}.Debug|Any CPU.ActiveCfg = Debug|Any CPU
		{C962B9B5-A815-45C2-968D-0199EA1A5F27}.Debug|Any CPU.Build.0 = Debug|Any CPU
		{C962B9B5-A815-45C2-968D-0199EA1A5F27}.Release|Any CPU.ActiveCfg = Release|Any CPU
		{C962B9B5-A815-45C2-968D-0199EA1A5F27}.Release|Any CPU.Build.0 = Release|Any CPU
	EndGlobalSection
	GlobalSection(SolutionProperties) = preSolution
		HideSolutionNode = FALSE
	EndGlobalSection
	GlobalSection(ExtensibilityGlobals) = postSolution
		SolutionGuid = {4AFB863F-6971-4996-91F9-3B040877607D}
	EndGlobalSection
EndGlobal
